
Microsoft Visual Studio Solution File, Format Version 12.00
# Visual Studio Version 16
VisualStudioVersion = 16.0.29509.3
MinimumVisualStudioVersion = 10.0.40219.1
Project("{9A19103F-16F7-4668-BE54-9A1E7A4F7556}") = "middler.Common", "middler.Common\middler.Common.csproj", "{384D5000-5C0A-48C9-81BF-DBED0E06A2CF}"
EndProject
Project("{9A19103F-16F7-4668-BE54-9A1E7A4F7556}") = "middler.Core", "middler.Core\middler.Core.csproj", "{2B886E95-4137-47EB-8D56-F33957958E8C}"
EndProject
Project("{9A19103F-16F7-4668-BE54-9A1E7A4F7556}") = "middler.Common.Storage", "middler.Common.Storage\middler.Common.Storage.csproj", "{B37932D3-4C6E-404A-80D1-07EF31E845E9}"
EndProject
Project("{9A19103F-16F7-4668-BE54-9A1E7A4F7556}") = "middler.Common.Actions", "middler.Common.Actions\middler.Common.Actions.csproj", "{8C8EF293-169C-49F3-B753-F1155EDCF9AD}"
EndProject
Project("{9A19103F-16F7-4668-BE54-9A1E7A4F7556}") = "middlerApp.Server", "middlerApp.Server\middlerApp.Server.csproj", "{657907A6-29C6-4195-8CFC-ACD43A53DFBB}"
EndProject
Global
	GlobalSection(SolutionConfigurationPlatforms) = preSolution
		Debug|Any CPU = Debug|Any CPU
		Release|Any CPU = Release|Any CPU
	EndGlobalSection
	GlobalSection(ProjectConfigurationPlatforms) = postSolution
		{384D5000-5C0A-48C9-81BF-DBED0E06A2CF}.Debug|Any CPU.ActiveCfg = Debug|Any CPU
		{384D5000-5C0A-48C9-81BF-DBED0E06A2CF}.Debug|Any CPU.Build.0 = Debug|Any CPU
		{384D5000-5C0A-48C9-81BF-DBED0E06A2CF}.Release|Any CPU.ActiveCfg = Release|Any CPU
		{384D5000-5C0A-48C9-81BF-DBED0E06A2CF}.Release|Any CPU.Build.0 = Release|Any CPU
		{2B886E95-4137-47EB-8D56-F33957958E8C}.Debug|Any CPU.ActiveCfg = Debug|Any CPU
		{2B886E95-4137-47EB-8D56-F33957958E8C}.Debug|Any CPU.Build.0 = Debug|Any CPU
		{2B886E95-4137-47EB-8D56-F33957958E8C}.Release|Any CPU.ActiveCfg = Release|Any CPU
		{2B886E95-4137-47EB-8D56-F33957958E8C}.Release|Any CPU.Build.0 = Release|Any CPU
		{B37932D3-4C6E-404A-80D1-07EF31E845E9}.Debug|Any CPU.ActiveCfg = Debug|Any CPU
		{B37932D3-4C6E-404A-80D1-07EF31E845E9}.Debug|Any CPU.Build.0 = Debug|Any CPU
		{B37932D3-4C6E-404A-80D1-07EF31E845E9}.Release|Any CPU.ActiveCfg = Release|Any CPU
		{B37932D3-4C6E-404A-80D1-07EF31E845E9}.Release|Any CPU.Build.0 = Release|Any CPU
		{8C8EF293-169C-49F3-B753-F1155EDCF9AD}.Debug|Any CPU.ActiveCfg = Debug|Any CPU
		{8C8EF293-169C-49F3-B753-F1155EDCF9AD}.Debug|Any CPU.Build.0 = Debug|Any CPU
		{8C8EF293-169C-49F3-B753-F1155EDCF9AD}.Release|Any CPU.ActiveCfg = Release|Any CPU
		{8C8EF293-169C-49F3-B753-F1155EDCF9AD}.Release|Any CPU.Build.0 = Release|Any CPU
		{657907A6-29C6-4195-8CFC-ACD43A53DFBB}.Debug|Any CPU.ActiveCfg = Debug|Any CPU
		{657907A6-29C6-4195-8CFC-ACD43A53DFBB}.Debug|Any CPU.Build.0 = Debug|Any CPU
		{657907A6-29C6-4195-8CFC-ACD43A53DFBB}.Release|Any CPU.ActiveCfg = Release|Any CPU
		{657907A6-29C6-4195-8CFC-ACD43A53DFBB}.Release|Any CPU.Build.0 = Release|Any CPU
	EndGlobalSection
	GlobalSection(SolutionProperties) = preSolution
		HideSolutionNode = FALSE
	EndGlobalSection
	GlobalSection(ExtensibilityGlobals) = postSolution
		SolutionGuid = {ECBFE8B3-32B9-4E5F-A53F-F44D9F75C288}
	EndGlobalSection
EndGlobal
