
Microsoft Visual Studio Solution File, Format Version 12.00
# Visual Studio Version 16
VisualStudioVersion = 16.0.29509.3
MinimumVisualStudioVersion = 10.0.40219.1
Project("{9A19103F-16F7-4668-BE54-9A1E7A4F7556}") = "middler.Common", "middler.Common\middler.Common.csproj", "{384D5000-5C0A-48C9-81BF-DBED0E06A2CF}"
EndProject
Project("{9A19103F-16F7-4668-BE54-9A1E7A4F7556}") = "middler.Core", "middler.Core\middler.Core.csproj", "{2B886E95-4137-47EB-8D56-F33957958E8C}"
EndProject
Project("{9A19103F-16F7-4668-BE54-9A1E7A4F7556}") = "middler.Common.Storage", "middler.Common.Storage\middler.Common.Storage.csproj", "{B37932D3-4C6E-404A-80D1-07EF31E845E9}"
EndProject
Project("{9A19103F-16F7-4668-BE54-9A1E7A4F7556}") = "middler.Common.Actions", "middler.Common.Actions\middler.Common.Actions.csproj", "{8C8EF293-169C-49F3-B753-F1155EDCF9AD}"
EndProject
Project("{9A19103F-16F7-4668-BE54-9A1E7A4F7556}") = "middler.Storage.LiteDB", "middler.Storage.LiteDB\middler.Storage.LiteDB.csproj", "{C052C302-2AA0-4DF3-8324-AB7DB14E408C}"
EndProject
Project("{9A19103F-16F7-4668-BE54-9A1E7A4F7556}") = "middlerApp.SharedModels", "middlerApp.SharedModels\middlerApp.SharedModels.csproj", "{AEC90A19-971D-49F6-91B3-387FF4F87703}"
EndProject
Project("{9A19103F-16F7-4668-BE54-9A1E7A4F7556}") = "middler.Common.SharedModels", "middler.Common.SharedModels\middler.Common.SharedModels.csproj", "{AC6A240D-AE37-41AF-A15B-F0C38C702984}"
EndProject
Project("{9A19103F-16F7-4668-BE54-9A1E7A4F7556}") = "middlerApp.API", "middlerApp.API\middlerApp.API.csproj", "{3D9342D6-3665-49B9-BDDF-1AD4D2A60A26}"
EndProject
Project("{9A19103F-16F7-4668-BE54-9A1E7A4F7556}") = "middler.Action.Scripting", "middler.Action.Scripting\middler.Action.Scripting.csproj", "{368F9755-90FF-4173-9CC3-09A91EB6919A}"
EndProject
Project("{9A19103F-16F7-4668-BE54-9A1E7A4F7556}") = "middler.Action.Scripting.Javascript", "middler.Action.Scripting.Javascript\middler.Action.Scripting.Javascript.csproj", "{4247C09A-6EC5-47F0-B44C-6F942C2BDB2B}"
EndProject
Project("{9A19103F-16F7-4668-BE54-9A1E7A4F7556}") = "middler.Action.Scripting.Powershell", "middler.Action.Scripting.Powershell\middler.Action.Scripting.Powershell.csproj", "{D668799A-3F16-4D68-A659-39D0BF55312E}"
EndProject
Project("{9A19103F-16F7-4668-BE54-9A1E7A4F7556}") = "middler.Action.Scripting.Shared", "middler.Action.Scripting.Shared\middler.Action.Scripting.Shared.csproj", "{D86203C1-293E-45D6-850B-F38C42623029}"
EndProject
Project("{9A19103F-16F7-4668-BE54-9A1E7A4F7556}") = "middler.Action.Scripting.Typescript", "middler.Action.Scripting.Typescript\middler.Action.Scripting.Typescript.csproj", "{C02862D6-30F8-4A58-BCEC-EBDF4EE62E39}"
EndProject
Project("{9A19103F-16F7-4668-BE54-9A1E7A4F7556}") = "middler.Action.Scripting.Environment", "middler.Action.Scripting.Environment\middler.Action.Scripting.Environment.csproj", "{7178F493-C237-4608-8B4D-F98E0FC4C66D}"
EndProject
Project("{9A19103F-16F7-4668-BE54-9A1E7A4F7556}") = "middler.Common.StreamHelper", "middler.Common.StreamHelper\middler.Common.StreamHelper.csproj", "{9AE79FD2-9E25-4284-BACF-7E266C090E0B}"
EndProject
Project("{9A19103F-16F7-4668-BE54-9A1E7A4F7556}") = "middler.Variables", "middler.Variables\middler.Variables.csproj", "{25CA1673-52AA-49C1-B614-92F671CF01C9}"
EndProject
Project("{9A19103F-16F7-4668-BE54-9A1E7A4F7556}") = "_build", "build\_build.csproj", "{05BE9554-5610-4DD7-8D9F-E1B54C38C96D}"
EndProject
Global
	GlobalSection(SolutionConfigurationPlatforms) = preSolution
		Debug|Any CPU = Debug|Any CPU
		Release|Any CPU = Release|Any CPU
	EndGlobalSection
	GlobalSection(ProjectConfigurationPlatforms) = postSolution
		{05BE9554-5610-4DD7-8D9F-E1B54C38C96D}.Debug|Any CPU.ActiveCfg = Debug|Any CPU
		{05BE9554-5610-4DD7-8D9F-E1B54C38C96D}.Release|Any CPU.ActiveCfg = Release|Any CPU
		{384D5000-5C0A-48C9-81BF-DBED0E06A2CF}.Debug|Any CPU.ActiveCfg = Debug|Any CPU
		{384D5000-5C0A-48C9-81BF-DBED0E06A2CF}.Debug|Any CPU.Build.0 = Debug|Any CPU
		{384D5000-5C0A-48C9-81BF-DBED0E06A2CF}.Release|Any CPU.ActiveCfg = Release|Any CPU
		{384D5000-5C0A-48C9-81BF-DBED0E06A2CF}.Release|Any CPU.Build.0 = Release|Any CPU
		{2B886E95-4137-47EB-8D56-F33957958E8C}.Debug|Any CPU.ActiveCfg = Debug|Any CPU
		{2B886E95-4137-47EB-8D56-F33957958E8C}.Debug|Any CPU.Build.0 = Debug|Any CPU
		{2B886E95-4137-47EB-8D56-F33957958E8C}.Release|Any CPU.ActiveCfg = Release|Any CPU
		{2B886E95-4137-47EB-8D56-F33957958E8C}.Release|Any CPU.Build.0 = Release|Any CPU
		{B37932D3-4C6E-404A-80D1-07EF31E845E9}.Debug|Any CPU.ActiveCfg = Debug|Any CPU
		{B37932D3-4C6E-404A-80D1-07EF31E845E9}.Debug|Any CPU.Build.0 = Debug|Any CPU
		{B37932D3-4C6E-404A-80D1-07EF31E845E9}.Release|Any CPU.ActiveCfg = Release|Any CPU
		{B37932D3-4C6E-404A-80D1-07EF31E845E9}.Release|Any CPU.Build.0 = Release|Any CPU
		{8C8EF293-169C-49F3-B753-F1155EDCF9AD}.Debug|Any CPU.ActiveCfg = Debug|Any CPU
		{8C8EF293-169C-49F3-B753-F1155EDCF9AD}.Debug|Any CPU.Build.0 = Debug|Any CPU
		{8C8EF293-169C-49F3-B753-F1155EDCF9AD}.Release|Any CPU.ActiveCfg = Release|Any CPU
		{8C8EF293-169C-49F3-B753-F1155EDCF9AD}.Release|Any CPU.Build.0 = Release|Any CPU
		{C052C302-2AA0-4DF3-8324-AB7DB14E408C}.Debug|Any CPU.ActiveCfg = Debug|Any CPU
		{C052C302-2AA0-4DF3-8324-AB7DB14E408C}.Debug|Any CPU.Build.0 = Debug|Any CPU
		{C052C302-2AA0-4DF3-8324-AB7DB14E408C}.Release|Any CPU.ActiveCfg = Release|Any CPU
		{C052C302-2AA0-4DF3-8324-AB7DB14E408C}.Release|Any CPU.Build.0 = Release|Any CPU
		{AEC90A19-971D-49F6-91B3-387FF4F87703}.Debug|Any CPU.ActiveCfg = Debug|Any CPU
		{AEC90A19-971D-49F6-91B3-387FF4F87703}.Debug|Any CPU.Build.0 = Debug|Any CPU
		{AEC90A19-971D-49F6-91B3-387FF4F87703}.Release|Any CPU.ActiveCfg = Release|Any CPU
		{AEC90A19-971D-49F6-91B3-387FF4F87703}.Release|Any CPU.Build.0 = Release|Any CPU
		{AC6A240D-AE37-41AF-A15B-F0C38C702984}.Debug|Any CPU.ActiveCfg = Debug|Any CPU
		{AC6A240D-AE37-41AF-A15B-F0C38C702984}.Debug|Any CPU.Build.0 = Debug|Any CPU
		{AC6A240D-AE37-41AF-A15B-F0C38C702984}.Release|Any CPU.ActiveCfg = Release|Any CPU
		{AC6A240D-AE37-41AF-A15B-F0C38C702984}.Release|Any CPU.Build.0 = Release|Any CPU
		{3D9342D6-3665-49B9-BDDF-1AD4D2A60A26}.Debug|Any CPU.ActiveCfg = Debug|Any CPU
		{3D9342D6-3665-49B9-BDDF-1AD4D2A60A26}.Debug|Any CPU.Build.0 = Debug|Any CPU
		{3D9342D6-3665-49B9-BDDF-1AD4D2A60A26}.Release|Any CPU.ActiveCfg = Release|Any CPU
		{3D9342D6-3665-49B9-BDDF-1AD4D2A60A26}.Release|Any CPU.Build.0 = Release|Any CPU
		{368F9755-90FF-4173-9CC3-09A91EB6919A}.Debug|Any CPU.ActiveCfg = Debug|Any CPU
		{368F9755-90FF-4173-9CC3-09A91EB6919A}.Debug|Any CPU.Build.0 = Debug|Any CPU
		{368F9755-90FF-4173-9CC3-09A91EB6919A}.Release|Any CPU.ActiveCfg = Release|Any CPU
		{368F9755-90FF-4173-9CC3-09A91EB6919A}.Release|Any CPU.Build.0 = Release|Any CPU
		{4247C09A-6EC5-47F0-B44C-6F942C2BDB2B}.Debug|Any CPU.ActiveCfg = Debug|Any CPU
		{4247C09A-6EC5-47F0-B44C-6F942C2BDB2B}.Debug|Any CPU.Build.0 = Debug|Any CPU
		{4247C09A-6EC5-47F0-B44C-6F942C2BDB2B}.Release|Any CPU.ActiveCfg = Release|Any CPU
		{4247C09A-6EC5-47F0-B44C-6F942C2BDB2B}.Release|Any CPU.Build.0 = Release|Any CPU
		{D668799A-3F16-4D68-A659-39D0BF55312E}.Debug|Any CPU.ActiveCfg = Debug|Any CPU
		{D668799A-3F16-4D68-A659-39D0BF55312E}.Debug|Any CPU.Build.0 = Debug|Any CPU
		{D668799A-3F16-4D68-A659-39D0BF55312E}.Release|Any CPU.ActiveCfg = Release|Any CPU
		{D668799A-3F16-4D68-A659-39D0BF55312E}.Release|Any CPU.Build.0 = Release|Any CPU
		{D86203C1-293E-45D6-850B-F38C42623029}.Debug|Any CPU.ActiveCfg = Debug|Any CPU
		{D86203C1-293E-45D6-850B-F38C42623029}.Debug|Any CPU.Build.0 = Debug|Any CPU
		{D86203C1-293E-45D6-850B-F38C42623029}.Release|Any CPU.ActiveCfg = Release|Any CPU
		{D86203C1-293E-45D6-850B-F38C42623029}.Release|Any CPU.Build.0 = Release|Any CPU
		{C02862D6-30F8-4A58-BCEC-EBDF4EE62E39}.Debug|Any CPU.ActiveCfg = Debug|Any CPU
		{C02862D6-30F8-4A58-BCEC-EBDF4EE62E39}.Debug|Any CPU.Build.0 = Debug|Any CPU
		{C02862D6-30F8-4A58-BCEC-EBDF4EE62E39}.Release|Any CPU.ActiveCfg = Release|Any CPU
		{C02862D6-30F8-4A58-BCEC-EBDF4EE62E39}.Release|Any CPU.Build.0 = Release|Any CPU
		{7178F493-C237-4608-8B4D-F98E0FC4C66D}.Debug|Any CPU.ActiveCfg = Debug|Any CPU
		{7178F493-C237-4608-8B4D-F98E0FC4C66D}.Debug|Any CPU.Build.0 = Debug|Any CPU
		{7178F493-C237-4608-8B4D-F98E0FC4C66D}.Release|Any CPU.ActiveCfg = Release|Any CPU
		{7178F493-C237-4608-8B4D-F98E0FC4C66D}.Release|Any CPU.Build.0 = Release|Any CPU
		{9AE79FD2-9E25-4284-BACF-7E266C090E0B}.Debug|Any CPU.ActiveCfg = Debug|Any CPU
		{9AE79FD2-9E25-4284-BACF-7E266C090E0B}.Debug|Any CPU.Build.0 = Debug|Any CPU
		{9AE79FD2-9E25-4284-BACF-7E266C090E0B}.Release|Any CPU.ActiveCfg = Release|Any CPU
		{9AE79FD2-9E25-4284-BACF-7E266C090E0B}.Release|Any CPU.Build.0 = Release|Any CPU
		{25CA1673-52AA-49C1-B614-92F671CF01C9}.Debug|Any CPU.ActiveCfg = Debug|Any CPU
		{25CA1673-52AA-49C1-B614-92F671CF01C9}.Debug|Any CPU.Build.0 = Debug|Any CPU
		{25CA1673-52AA-49C1-B614-92F671CF01C9}.Release|Any CPU.ActiveCfg = Release|Any CPU
		{25CA1673-52AA-49C1-B614-92F671CF01C9}.Release|Any CPU.Build.0 = Release|Any CPU
	EndGlobalSection
	GlobalSection(SolutionProperties) = preSolution
		HideSolutionNode = FALSE
	EndGlobalSection
	GlobalSection(ExtensibilityGlobals) = postSolution
		SolutionGuid = {ECBFE8B3-32B9-4E5F-A53F-F44D9F75C288}
	EndGlobalSection
EndGlobal
